# THIS IS AN AUTOGENERATED FILE. DO NOT EDIT THIS FILE DIRECTLY.
# yarn lockfile v1


react-native-image-crop-picker@^0.37.3:
  version "0.37.3"
  resolved "https://registry.yarnpkg.com/react-native-image-crop-picker/-/react-native-image-crop-picker-0.37.3.tgz#f260e40b6a6ba8e98f4db3dde25a8f09e0936385"
  integrity sha512-ih+0pWWRUNEFQyaHwGbH9rqJNOb7EBYMwKJhTY0VmsKIA9E+usfwMmQXAFIfOnee7fTn0A2vOXkBCPQZwyvnQw==
